
Microsoft Visual Studio Solution File, Format Version 12.00
# Visual Studio 2015
Project("{FAE04EC0-301F-11D3-BF4B-00C04F79EFBC}") = "IST446-SotF-master.CSharp", "IST446-SotF-master.CSharp.csproj", "{406877E2-7592-CEBB-C7D3-83CE8769D0B2}"
EndProject
Global
	GlobalSection(SolutionConfigurationPlatforms) = preSolution
		Debug|Any CPU = Debug|Any CPU
		Release|Any CPU = Release|Any CPU
	EndGlobalSection
	GlobalSection(ProjectConfigurationPlatforms) = postSolution
		{406877E2-7592-CEBB-C7D3-83CE8769D0B2}.Debug|Any CPU.ActiveCfg = Debug|Any CPU
		{406877E2-7592-CEBB-C7D3-83CE8769D0B2}.Debug|Any CPU.Build.0 = Debug|Any CPU
		{406877E2-7592-CEBB-C7D3-83CE8769D0B2}.Release|Any CPU.ActiveCfg = Release|Any CPU
		{406877E2-7592-CEBB-C7D3-83CE8769D0B2}.Release|Any CPU.Build.0 = Release|Any CPU
	EndGlobalSection
	GlobalSection(SolutionProperties) = preSolution
		HideSolutionNode = FALSE
	EndGlobalSection
EndGlobal
